
Microsoft Visual Studio Solution File, Format Version 12.00
# Visual Studio Version 16
VisualStudioVersion = 16.0.30503.244
MinimumVisualStudioVersion = 10.0.40219.1
Project("{FAE04EC0-301F-11D3-BF4B-00C04F79EFBC}") = "ValorantCG", "ValorantCG.csproj", "{01D076C0-18D0-4039-8302-26FC4B960E18}"
EndProject
Global
	GlobalSection(SolutionConfigurationPlatforms) = preSolution
		Debug|Any CPU = Debug|Any CPU
		Release|Any CPU = Release|Any CPU
	EndGlobalSection
	GlobalSection(ProjectConfigurationPlatforms) = postSolution
		{01D076C0-18D0-4039-8302-26FC4B960E18}.Debug|Any CPU.ActiveCfg = Debug|Any CPU
		{01D076C0-18D0-4039-8302-26FC4B960E18}.Debug|Any CPU.Build.0 = Debug|Any CPU
		{01D076C0-18D0-4039-8302-26FC4B960E18}.Release|Any CPU.ActiveCfg = Release|Any CPU
		{01D076C0-18D0-4039-8302-26FC4B960E18}.Release|Any CPU.Build.0 = Release|Any CPU
	EndGlobalSection
	GlobalSection(SolutionProperties) = preSolution
		HideSolutionNode = FALSE
	EndGlobalSection
	GlobalSection(ExtensibilityGlobals) = postSolution
		SolutionGuid = {7B32A7A8-7581-495C-82AB-175370E7749F}
	EndGlobalSection
EndGlobal
